// !$*UTF8*$!
{
	archiveVersion = 1;
	classes = {
	};
	objectVersion = 56;
	objects = {

/* Begin PBXBuildFile section */
		EB36BCFE2AA06045008781AA /* AppDelegate.swift in Sources */ = {isa = PBXBuildFile; fileRef = EB36BCFD2AA06045008781AA /* AppDelegate.swift */; };
		EB36BD002AA06045008781AA /* SceneDelegate.swift in Sources */ = {isa = PBXBuildFile; fileRef = EB36BCFF2AA06045008781AA /* SceneDelegate.swift */; };
		EB36BD022AA06045008781AA /* ViewController.swift in Sources */ = {isa = PBXBuildFile; fileRef = EB36BD012AA06045008781AA /* ViewController.swift */; };
		EB36BD052AA06045008781AA /* Main.storyboard in Resources */ = {isa = PBXBuildFile; fileRef = EB36BD032AA06045008781AA /* Main.storyboard */; };
		EB36BD082AA06045008781AA /* ToDoApp.xcdatamodeld in Sources */ = {isa = PBXBuildFile; fileRef = EB36BD062AA06045008781AA /* ToDoApp.xcdatamodeld */; };
		EB36BD0A2AA0604A008781AA /* Assets.xcassets in Resources */ = {isa = PBXBuildFile; fileRef = EB36BD092AA0604A008781AA /* Assets.xcassets */; };
		EB36BD0D2AA0604A008781AA /* LaunchScreen.storyboard in Resources */ = {isa = PBXBuildFile; fileRef = EB36BD0B2AA0604A008781AA /* LaunchScreen.storyboard */; };
		EB36BD182AA0604A008781AA /* ToDoAppTests.swift in Sources */ = {isa = PBXBuildFile; fileRef = EB36BD172AA0604A008781AA /* ToDoAppTests.swift */; };
		EB36BD222AA0604A008781AA /* ToDoAppUITests.swift in Sources */ = {isa = PBXBuildFile; fileRef = EB36BD212AA0604A008781AA /* ToDoAppUITests.swift */; };
		EB36BD242AA0604A008781AA /* ToDoAppUITestsLaunchTests.swift in Sources */ = {isa = PBXBuildFile; fileRef = EB36BD232AA0604A008781AA /* ToDoAppUITestsLaunchTests.swift */; };
		EB36BD322AA061A7008781AA /* MemoData+CoreDataClass.swift in Sources */ = {isa = PBXBuildFile; fileRef = EB36BD302AA061A7008781AA /* MemoData+CoreDataClass.swift */; };
		EB36BD332AA061A7008781AA /* MemoData+CoreDataProperties.swift in Sources */ = {isa = PBXBuildFile; fileRef = EB36BD312AA061A7008781AA /* MemoData+CoreDataProperties.swift */; };
		EB36BD382AA0633B008781AA /* CoreDataManager.swift in Sources */ = {isa = PBXBuildFile; fileRef = EB36BD372AA0633B008781AA /* CoreDataManager.swift */; };
		EB36BD3A2AA088FB008781AA /* ToDoCell.swift in Sources */ = {isa = PBXBuildFile; fileRef = EB36BD392AA088FB008781AA /* ToDoCell.swift */; };
		EB36BD3C2AA0891C008781AA /* DetailViewController.swift in Sources */ = {isa = PBXBuildFile; fileRef = EB36BD3B2AA0891C008781AA /* DetailViewController.swift */; };
		EB6DDB9C2AA08F9500AD284E /* MyColor.swift in Sources */ = {isa = PBXBuildFile; fileRef = EB6DDB9B2AA08F9500AD284E /* MyColor.swift */; };
		EB6DDB9E2AA08FEA00AD284E /* UIColor+Extension.swift in Sources */ = {isa = PBXBuildFile; fileRef = EB6DDB9D2AA08FEA00AD284E /* UIColor+Extension.swift */; };
/* End PBXBuildFile section */

/* Begin PBXContainerItemProxy section */
		EB36BD142AA0604A008781AA /* PBXContainerItemProxy */ = {
			isa = PBXContainerItemProxy;
			containerPortal = EB36BCF22AA06044008781AA /* Project object */;
			proxyType = 1;
			remoteGlobalIDString = EB36BCF92AA06045008781AA;
			remoteInfo = ToDoApp;
		};
		EB36BD1E2AA0604A008781AA /* PBXContainerItemProxy */ = {
			isa = PBXContainerItemProxy;
			containerPortal = EB36BCF22AA06044008781AA /* Project object */;
			proxyType = 1;
			remoteGlobalIDString = EB36BCF92AA06045008781AA;
			remoteInfo = ToDoApp;
		};
/* End PBXContainerItemProxy section */

/* Begin PBXFileReference section */
		EB36BCFA2AA06045008781AA /* ToDoApp.app */ = {isa = PBXFileReference; explicitFileType = wrapper.application; includeInIndex = 0; path = ToDoApp.app; sourceTree = BUILT_PRODUCTS_DIR; };
		EB36BCFD2AA06045008781AA /* AppDelegate.swift */ = {isa = PBXFileReference; lastKnownFileType = sourcecode.swift; path = AppDelegate.swift; sourceTree = "<group>"; };
		EB36BCFF2AA06045008781AA /* SceneDelegate.swift */ = {isa = PBXFileReference; lastKnownFileType = sourcecode.swift; path = SceneDelegate.swift; sourceTree = "<group>"; };
		EB36BD012AA06045008781AA /* ViewController.swift */ = {isa = PBXFileReference; lastKnownFileType = sourcecode.swift; path = ViewController.swift; sourceTree = "<group>"; };
		EB36BD042AA06045008781AA /* Base */ = {isa = PBXFileReference; lastKnownFileType = file.storyboard; name = Base; path = Base.lproj/Main.storyboard; sourceTree = "<group>"; };
		EB36BD072AA06045008781AA /* ToDoApp.xcdatamodel */ = {isa = PBXFileReference; lastKnownFileType = wrapper.xcdatamodel; path = ToDoApp.xcdatamodel; sourceTree = "<group>"; };
		EB36BD092AA0604A008781AA /* Assets.xcassets */ = {isa = PBXFileReference; lastKnownFileType = folder.assetcatalog; path = Assets.xcassets; sourceTree = "<group>"; };
		EB36BD0C2AA0604A008781AA /* Base */ = {isa = PBXFileReference; lastKnownFileType = file.storyboard; name = Base; path = Base.lproj/LaunchScreen.storyboard; sourceTree = "<group>"; };
		EB36BD0E2AA0604A008781AA /* Info.plist */ = {isa = PBXFileReference; lastKnownFileType = text.plist.xml; path = Info.plist; sourceTree = "<group>"; };
		EB36BD132AA0604A008781AA /* ToDoAppTests.xctest */ = {isa = PBXFileReference; explicitFileType = wrapper.cfbundle; includeInIndex = 0; path = ToDoAppTests.xctest; sourceTree = BUILT_PRODUCTS_DIR; };
		EB36BD172AA0604A008781AA /* ToDoAppTests.swift */ = {isa = PBXFileReference; lastKnownFileType = sourcecode.swift; path = ToDoAppTests.swift; sourceTree = "<group>"; };
		EB36BD1D2AA0604A008781AA /* ToDoAppUITests.xctest */ = {isa = PBXFileReference; explicitFileType = wrapper.cfbundle; includeInIndex = 0; path = ToDoAppUITests.xctest; sourceTree = BUILT_PRODUCTS_DIR; };
		EB36BD212AA0604A008781AA /* ToDoAppUITests.swift */ = {isa = PBXFileReference; lastKnownFileType = sourcecode.swift; path = ToDoAppUITests.swift; sourceTree = "<group>"; };
		EB36BD232AA0604A008781AA /* ToDoAppUITestsLaunchTests.swift */ = {isa = PBXFileReference; lastKnownFileType = sourcecode.swift; path = ToDoAppUITestsLaunchTests.swift; sourceTree = "<group>"; };
		EB36BD302AA061A7008781AA /* MemoData+CoreDataClass.swift */ = {isa = PBXFileReference; lastKnownFileType = sourcecode.swift; path = "MemoData+CoreDataClass.swift"; sourceTree = "<group>"; };
		EB36BD312AA061A7008781AA /* MemoData+CoreDataProperties.swift */ = {isa = PBXFileReference; lastKnownFileType = sourcecode.swift; path = "MemoData+CoreDataProperties.swift"; sourceTree = "<group>"; };
		EB36BD372AA0633B008781AA /* CoreDataManager.swift */ = {isa = PBXFileReference; lastKnownFileType = sourcecode.swift; path = CoreDataManager.swift; sourceTree = "<group>"; };
		EB36BD392AA088FB008781AA /* ToDoCell.swift */ = {isa = PBXFileReference; lastKnownFileType = sourcecode.swift; path = ToDoCell.swift; sourceTree = "<group>"; };
		EB36BD3B2AA0891C008781AA /* DetailViewController.swift */ = {isa = PBXFileReference; lastKnownFileType = sourcecode.swift; path = DetailViewController.swift; sourceTree = "<group>"; };
		EB6DDB9B2AA08F9500AD284E /* MyColor.swift */ = {isa = PBXFileReference; lastKnownFileType = sourcecode.swift; path = MyColor.swift; sourceTree = "<group>"; };
		EB6DDB9D2AA08FEA00AD284E /* UIColor+Extension.swift */ = {isa = PBXFileReference; lastKnownFileType = sourcecode.swift; path = "UIColor+Extension.swift"; sourceTree = "<group>"; };
/* End PBXFileReference section */

/* Begin PBXFrameworksBuildPhase section */
		EB36BCF72AA06045008781AA /* Frameworks */ = {
			isa = PBXFrameworksBuildPhase;
			buildActionMask = 2147483647;
			files = (
			);
			runOnlyForDeploymentPostprocessing = 0;
		};
		EB36BD102AA0604A008781AA /* Frameworks */ = {
			isa = PBXFrameworksBuildPhase;
			buildActionMask = 2147483647;
			files = (
			);
			runOnlyForDeploymentPostprocessing = 0;
		};
		EB36BD1A2AA0604A008781AA /* Frameworks */ = {
			isa = PBXFrameworksBuildPhase;
			buildActionMask = 2147483647;
			files = (
			);
			runOnlyForDeploymentPostprocessing = 0;
		};
/* End PBXFrameworksBuildPhase section */

/* Begin PBXGroup section */
		EB36BCF12AA06044008781AA = {
			isa = PBXGroup;
			children = (
				EB36BCFC2AA06045008781AA /* ToDoApp */,
				EB36BD162AA0604A008781AA /* ToDoAppTests */,
				EB36BD202AA0604A008781AA /* ToDoAppUITests */,
				EB36BCFB2AA06045008781AA /* Products */,
			);
			sourceTree = "<group>";
		};
		EB36BCFB2AA06045008781AA /* Products */ = {
			isa = PBXGroup;
			children = (
				EB36BCFA2AA06045008781AA /* ToDoApp.app */,
				EB36BD132AA0604A008781AA /* ToDoAppTests.xctest */,
				EB36BD1D2AA0604A008781AA /* ToDoAppUITests.xctest */,
			);
			name = Products;
			sourceTree = "<group>";
		};
		EB36BCFC2AA06045008781AA /* ToDoApp */ = {
			isa = PBXGroup;
			children = (
				EB36BCFD2AA06045008781AA /* AppDelegate.swift */,
				EB36BCFF2AA06045008781AA /* SceneDelegate.swift */,
				EB6DDB9A2AA08F7D00AD284E /* Helpers */,
				EB36BD362AA06272008781AA /* Controllers */,
				EB36BD352AA0626A008781AA /* Views */,
				EB36BD342AA0625E008781AA /* Models */,
				EB36BD032AA06045008781AA /* Main.storyboard */,
				EB36BD092AA0604A008781AA /* Assets.xcassets */,
				EB36BD0B2AA0604A008781AA /* LaunchScreen.storyboard */,
				EB36BD0E2AA0604A008781AA /* Info.plist */,
				EB36BD062AA06045008781AA /* ToDoApp.xcdatamodeld */,
			);
			path = ToDoApp;
			sourceTree = "<group>";
		};
		EB36BD162AA0604A008781AA /* ToDoAppTests */ = {
			isa = PBXGroup;
			children = (
				EB36BD172AA0604A008781AA /* ToDoAppTests.swift */,
			);
			path = ToDoAppTests;
			sourceTree = "<group>";
		};
		EB36BD202AA0604A008781AA /* ToDoAppUITests */ = {
			isa = PBXGroup;
			children = (
				EB36BD212AA0604A008781AA /* ToDoAppUITests.swift */,
				EB36BD232AA0604A008781AA /* ToDoAppUITestsLaunchTests.swift */,
			);
			path = ToDoAppUITests;
			sourceTree = "<group>";
		};
		EB36BD342AA0625E008781AA /* Models */ = {
			isa = PBXGroup;
			children = (
				EB36BD302AA061A7008781AA /* MemoData+CoreDataClass.swift */,
				EB36BD312AA061A7008781AA /* MemoData+CoreDataProperties.swift */,
				EB36BD372AA0633B008781AA /* CoreDataManager.swift */,
			);
			path = Models;
			sourceTree = "<group>";
		};
		EB36BD352AA0626A008781AA /* Views */ = {
			isa = PBXGroup;
			children = (
				EB36BD392AA088FB008781AA /* ToDoCell.swift */,
			);
			path = Views;
			sourceTree = "<group>";
		};
		EB36BD362AA06272008781AA /* Controllers */ = {
			isa = PBXGroup;
			children = (
				EB36BD012AA06045008781AA /* ViewController.swift */,
				EB36BD3B2AA0891C008781AA /* DetailViewController.swift */,
			);
			path = Controllers;
			sourceTree = "<group>";
		};
		EB6DDB9A2AA08F7D00AD284E /* Helpers */ = {
			isa = PBXGroup;
			children = (
				EB6DDB9B2AA08F9500AD284E /* MyColor.swift */,
				EB6DDB9D2AA08FEA00AD284E /* UIColor+Extension.swift */,
			);
			path = Helpers;
			sourceTree = "<group>";
		};
/* End PBXGroup section */

/* Begin PBXNativeTarget section */
		EB36BCF92AA06045008781AA /* ToDoApp */ = {
			isa = PBXNativeTarget;
			buildConfigurationList = EB36BD272AA0604A008781AA /* Build configuration list for PBXNativeTarget "ToDoApp" */;
			buildPhases = (
				EB36BCF62AA06045008781AA /* Sources */,
				EB36BCF72AA06045008781AA /* Frameworks */,
				EB36BCF82AA06045008781AA /* Resources */,
			);
			buildRules = (
			);
			dependencies = (
			);
			name = ToDoApp;
			productName = ToDoApp;
			productReference = EB36BCFA2AA06045008781AA /* ToDoApp.app */;
			productType = "com.apple.product-type.application";
		};
		EB36BD122AA0604A008781AA /* ToDoAppTests */ = {
			isa = PBXNativeTarget;
			buildConfigurationList = EB36BD2A2AA0604A008781AA /* Build configuration list for PBXNativeTarget "ToDoAppTests" */;
			buildPhases = (
				EB36BD0F2AA0604A008781AA /* Sources */,
				EB36BD102AA0604A008781AA /* Frameworks */,
				EB36BD112AA0604A008781AA /* Resources */,
			);
			buildRules = (
			);
			dependencies = (
				EB36BD152AA0604A008781AA /* PBXTargetDependency */,
			);
			name = ToDoAppTests;
			productName = ToDoAppTests;
			productReference = EB36BD132AA0604A008781AA /* ToDoAppTests.xctest */;
			productType = "com.apple.product-type.bundle.unit-test";
		};
		EB36BD1C2AA0604A008781AA /* ToDoAppUITests */ = {
			isa = PBXNativeTarget;
			buildConfigurationList = EB36BD2D2AA0604A008781AA /* Build configuration list for PBXNativeTarget "ToDoAppUITests" */;
			buildPhases = (
				EB36BD192AA0604A008781AA /* Sources */,
				EB36BD1A2AA0604A008781AA /* Frameworks */,
				EB36BD1B2AA0604A008781AA /* Resources */,
			);
			buildRules = (
			);
			dependencies = (
				EB36BD1F2AA0604A008781AA /* PBXTargetDependency */,
			);
			name = ToDoAppUITests;
			productName = ToDoAppUITests;
			productReference = EB36BD1D2AA0604A008781AA /* ToDoAppUITests.xctest */;
			productType = "com.apple.product-type.bundle.ui-testing";
		};
/* End PBXNativeTarget section */

/* Begin PBXProject section */
		EB36BCF22AA06044008781AA /* Project object */ = {
			isa = PBXProject;
			attributes = {
				BuildIndependentTargetsInParallel = 1;
				LastSwiftUpdateCheck = 1430;
				LastUpgradeCheck = 1430;
				TargetAttributes = {
					EB36BCF92AA06045008781AA = {
						CreatedOnToolsVersion = 14.3.1;
					};
					EB36BD122AA0604A008781AA = {
						CreatedOnToolsVersion = 14.3.1;
						TestTargetID = EB36BCF92AA06045008781AA;
					};
					EB36BD1C2AA0604A008781AA = {
						CreatedOnToolsVersion = 14.3.1;
						TestTargetID = EB36BCF92AA06045008781AA;
					};
				};
			};
			buildConfigurationList = EB36BCF52AA06044008781AA /* Build configuration list for PBXProject "ToDoApp" */;
			compatibilityVersion = "Xcode 14.0";
			developmentRegion = en;
			hasScannedForEncodings = 0;
			knownRegions = (
				en,
				Base,
			);
			mainGroup = EB36BCF12AA06044008781AA;
			productRefGroup = EB36BCFB2AA06045008781AA /* Products */;
			projectDirPath = "";
			projectRoot = "";
			targets = (
				EB36BCF92AA06045008781AA /* ToDoApp */,
				EB36BD122AA0604A008781AA /* ToDoAppTests */,
				EB36BD1C2AA0604A008781AA /* ToDoAppUITests */,
			);
		};
/* End PBXProject section */

/* Begin PBXResourcesBuildPhase section */
		EB36BCF82AA06045008781AA /* Resources */ = {
			isa = PBXResourcesBuildPhase;
			buildActionMask = 2147483647;
			files = (
				EB36BD0D2AA0604A008781AA /* LaunchScreen.storyboard in Resources */,
				EB36BD0A2AA0604A008781AA /* Assets.xcassets in Resources */,
				EB36BD052AA06045008781AA /* Main.storyboard in Resources */,
			);
			runOnlyForDeploymentPostprocessing = 0;
		};
		EB36BD112AA0604A008781AA /* Resources */ = {
			isa = PBXResourcesBuildPhase;
			buildActionMask = 2147483647;
			files = (
			);
			runOnlyForDeploymentPostprocessing = 0;
		};
		EB36BD1B2AA0604A008781AA /* Resources */ = {
			isa = PBXResourcesBuildPhase;
			buildActionMask = 2147483647;
			files = (
			);
			runOnlyForDeploymentPostprocessing = 0;
		};
/* End PBXResourcesBuildPhase section */

/* Begin PBXSourcesBuildPhase section */
		EB36BCF62AA06045008781AA /* Sources */ = {
			isa = PBXSourcesBuildPhase;
			buildActionMask = 2147483647;
			files = (
				EB36BD3C2AA0891C008781AA /* DetailViewController.swift in Sources */,
				EB36BD022AA06045008781AA /* ViewController.swift in Sources */,
				EB36BD322AA061A7008781AA /* MemoData+CoreDataClass.swift in Sources */,
				EB36BCFE2AA06045008781AA /* AppDelegate.swift in Sources */,
				EB36BD332AA061A7008781AA /* MemoData+CoreDataProperties.swift in Sources */,
				EB6DDB9C2AA08F9500AD284E /* MyColor.swift in Sources */,
				EB36BD002AA06045008781AA /* SceneDelegate.swift in Sources */,
				EB36BD382AA0633B008781AA /* CoreDataManager.swift in Sources */,
				EB6DDB9E2AA08FEA00AD284E /* UIColor+Extension.swift in Sources */,
				EB36BD082AA06045008781AA /* ToDoApp.xcdatamodeld in Sources */,
				EB36BD3A2AA088FB008781AA /* ToDoCell.swift in Sources */,
			);
			runOnlyForDeploymentPostprocessing = 0;
		};
		EB36BD0F2AA0604A008781AA /* Sources */ = {
			isa = PBXSourcesBuildPhase;
			buildActionMask = 2147483647;
			files = (
				EB36BD182AA0604A008781AA /* ToDoAppTests.swift in Sources */,
			);
			runOnlyForDeploymentPostprocessing = 0;
		};
		EB36BD192AA0604A008781AA /* Sources */ = {
			isa = PBXSourcesBuildPhase;
			buildActionMask = 2147483647;
			files = (
				EB36BD242AA0604A008781AA /* ToDoAppUITestsLaunchTests.swift in Sources */,
				EB36BD222AA0604A008781AA /* ToDoAppUITests.swift in Sources */,
			);
			runOnlyForDeploymentPostprocessing = 0;
		};
/* End PBXSourcesBuildPhase section */

/* Begin PBXTargetDependency section */
		EB36BD152AA0604A008781AA /* PBXTargetDependency */ = {
			isa = PBXTargetDependency;
			target = EB36BCF92AA06045008781AA /* ToDoApp */;
			targetProxy = EB36BD142AA0604A008781AA /* PBXContainerItemProxy */;
		};
		EB36BD1F2AA0604A008781AA /* PBXTargetDependency */ = {
			isa = PBXTargetDependency;
			target = EB36BCF92AA06045008781AA /* ToDoApp */;
			targetProxy = EB36BD1E2AA0604A008781AA /* PBXContainerItemProxy */;
		};
/* End PBXTargetDependency section */

/* Begin PBXVariantGroup section */
		EB36BD032AA06045008781AA /* Main.storyboard */ = {
			isa = PBXVariantGroup;
			children = (
				EB36BD042AA06045008781AA /* Base */,
			);
			name = Main.storyboard;
			sourceTree = "<group>";
		};
		EB36BD0B2AA0604A008781AA /* LaunchScreen.storyboard */ = {
			isa = PBXVariantGroup;
			children = (
				EB36BD0C2AA0604A008781AA /* Base */,
			);
			name = LaunchScreen.storyboard;
			sourceTree = "<group>";
		};
/* End PBXVariantGroup section */

/* Begin XCBuildConfiguration section */
		EB36BD252AA0604A008781AA /* Debug */ = {
			isa = XCBuildConfiguration;
			buildSettings = {
				ALWAYS_SEARCH_USER_PATHS = NO;
				CLANG_ANALYZER_NONNULL = YES;
				CLANG_ANALYZER_NUMBER_OBJECT_CONVERSION = YES_AGGRESSIVE;
				CLANG_CXX_LANGUAGE_STANDARD = "gnu++20";
				CLANG_ENABLE_MODULES = YES;
				CLANG_ENABLE_OBJC_ARC = YES;
				CLANG_ENABLE_OBJC_WEAK = YES;
				CLANG_WARN_BLOCK_CAPTURE_AUTORELEASING = YES;
				CLANG_WARN_BOOL_CONVERSION = YES;
				CLANG_WARN_COMMA = YES;
				CLANG_WARN_CONSTANT_CONVERSION = YES;
				CLANG_WARN_DEPRECATED_OBJC_IMPLEMENTATIONS = YES;
				CLANG_WARN_DIRECT_OBJC_ISA_USAGE = YES_ERROR;
				CLANG_WARN_DOCUMENTATION_COMMENTS = YES;
				CLANG_WARN_EMPTY_BODY = YES;
				CLANG_WARN_ENUM_CONVERSION = YES;
				CLANG_WARN_INFINITE_RECURSION = YES;
				CLANG_WARN_INT_CONVERSION = YES;
				CLANG_WARN_NON_LITERAL_NULL_CONVERSION = YES;
				CLANG_WARN_OBJC_IMPLICIT_RETAIN_SELF = YES;
				CLANG_WARN_OBJC_LITERAL_CONVERSION = YES;
				CLANG_WARN_OBJC_ROOT_CLASS = YES_ERROR;
				CLANG_WARN_QUOTED_INCLUDE_IN_FRAMEWORK_HEADER = YES;
				CLANG_WARN_RANGE_LOOP_ANALYSIS = YES;
				CLANG_WARN_STRICT_PROTOTYPES = YES;
				CLANG_WARN_SUSPICIOUS_MOVE = YES;
				CLANG_WARN_UNGUARDED_AVAILABILITY = YES_AGGRESSIVE;
				CLANG_WARN_UNREACHABLE_CODE = YES;
				CLANG_WARN__DUPLICATE_METHOD_MATCH = YES;
				COPY_PHASE_STRIP = NO;
				DEBUG_INFORMATION_FORMAT = dwarf;
				ENABLE_STRICT_OBJC_MSGSEND = YES;
				ENABLE_TESTABILITY = YES;
				GCC_C_LANGUAGE_STANDARD = gnu11;
				GCC_DYNAMIC_NO_PIC = NO;
				GCC_NO_COMMON_BLOCKS = YES;
				GCC_OPTIMIZATION_LEVEL = 0;
				GCC_PREPROCESSOR_DEFINITIONS = (
					"DEBUG=1",
					"$(inherited)",
				);
				GCC_WARN_64_TO_32_BIT_CONVERSION = YES;
				GCC_WARN_ABOUT_RETURN_TYPE = YES_ERROR;
				GCC_WARN_UNDECLARED_SELECTOR = YES;
				GCC_WARN_UNINITIALIZED_AUTOS = YES_AGGRESSIVE;
				GCC_WARN_UNUSED_FUNCTION = YES;
				GCC_WARN_UNUSED_VARIABLE = YES;
				IPHONEOS_DEPLOYMENT_TARGET = 16.4;
				MTL_ENABLE_DEBUG_INFO = INCLUDE_SOURCE;
				MTL_FAST_MATH = YES;
				ONLY_ACTIVE_ARCH = YES;
				SDKROOT = iphoneos;
				SWIFT_ACTIVE_COMPILATION_CONDITIONS = DEBUG;
				SWIFT_OPTIMIZATION_LEVEL = "-Onone";
			};
			name = Debug;
		};
		EB36BD262AA0604A008781AA /* Release */ = {
			isa = XCBuildConfiguration;
			buildSettings = {
				ALWAYS_SEARCH_USER_PATHS = NO;
				CLANG_ANALYZER_NONNULL = YES;
				CLANG_ANALYZER_NUMBER_OBJECT_CONVERSION = YES_AGGRESSIVE;
				CLANG_CXX_LANGUAGE_STANDARD = "gnu++20";
				CLANG_ENABLE_MODULES = YES;
				CLANG_ENABLE_OBJC_ARC = YES;
				CLANG_ENABLE_OBJC_WEAK = YES;
				CLANG_WARN_BLOCK_CAPTURE_AUTORELEASING = YES;
				CLANG_WARN_BOOL_CONVERSION = YES;
				CLANG_WARN_COMMA = YES;
				CLANG_WARN_CONSTANT_CONVERSION = YES;
				CLANG_WARN_DEPRECATED_OBJC_IMPLEMENTATIONS = YES;
				CLANG_WARN_DIRECT_OBJC_ISA_USAGE = YES_ERROR;
				CLANG_WARN_DOCUMENTATION_COMMENTS = YES;
				CLANG_WARN_EMPTY_BODY = YES;
				CLANG_WARN_ENUM_CONVERSION = YES;
				CLANG_WARN_INFINITE_RECURSION = YES;
				CLANG_WARN_INT_CONVERSION = YES;
				CLANG_WARN_NON_LITERAL_NULL_CONVERSION = YES;
				CLANG_WARN_OBJC_IMPLICIT_RETAIN_SELF = YES;
				CLANG_WARN_OBJC_LITERAL_CONVERSION = YES;
				CLANG_WARN_OBJC_ROOT_CLASS = YES_ERROR;
				CLANG_WARN_QUOTED_INCLUDE_IN_FRAMEWORK_HEADER = YES;
				CLANG_WARN_RANGE_LOOP_ANALYSIS = YES;
				CLANG_WARN_STRICT_PROTOTYPES = YES;
				CLANG_WARN_SUSPICIOUS_MOVE = YES;
				CLANG_WARN_UNGUARDED_AVAILABILITY = YES_AGGRESSIVE;
				CLANG_WARN_UNREACHABLE_CODE = YES;
				CLANG_WARN__DUPLICATE_METHOD_MATCH = YES;
				COPY_PHASE_STRIP = NO;
				DEBUG_INFORMATION_FORMAT = "dwarf-with-dsym";
				ENABLE_NS_ASSERTIONS = NO;
				ENABLE_STRICT_OBJC_MSGSEND = YES;
				GCC_C_LANGUAGE_STANDARD = gnu11;
				GCC_NO_COMMON_BLOCKS = YES;
				GCC_WARN_64_TO_32_BIT_CONVERSION = YES;
				GCC_WARN_ABOUT_RETURN_TYPE = YES_ERROR;
				GCC_WARN_UNDECLARED_SELECTOR = YES;
				GCC_WARN_UNINITIALIZED_AUTOS = YES_AGGRESSIVE;
				GCC_WARN_UNUSED_FUNCTION = YES;
				GCC_WARN_UNUSED_VARIABLE = YES;
				IPHONEOS_DEPLOYMENT_TARGET = 16.4;
				MTL_ENABLE_DEBUG_INFO = NO;
				MTL_FAST_MATH = YES;
				SDKROOT = iphoneos;
				SWIFT_COMPILATION_MODE = wholemodule;
				SWIFT_OPTIMIZATION_LEVEL = "-O";
				VALIDATE_PRODUCT = YES;
			};
			name = Release;
		};
		EB36BD282AA0604A008781AA /* Debug */ = {
			isa = XCBuildConfiguration;
			buildSettings = {
				ASSETCATALOG_COMPILER_APPICON_NAME = AppIcon;
				ASSETCATALOG_COMPILER_GLOBAL_ACCENT_COLOR_NAME = AccentColor;
				CODE_SIGN_STYLE = Automatic;
				CURRENT_PROJECT_VERSION = 1;
				DEVELOPMENT_TEAM = QDTB4WL24B;
				GENERATE_INFOPLIST_FILE = YES;
				INFOPLIST_FILE = ToDoApp/Info.plist;
				INFOPLIST_KEY_UIApplicationSupportsIndirectInputEvents = YES;
				INFOPLIST_KEY_UILaunchStoryboardName = LaunchScreen;
				INFOPLIST_KEY_UIMainStoryboardFile = Main;
				INFOPLIST_KEY_UISupportedInterfaceOrientations_iPad = "UIInterfaceOrientationLandscapeLeft UIInterfaceOrientationLandscapeRight UIInterfaceOrientationPortrait UIInterfaceOrientationPortraitUpsideDown";
				IPHONEOS_DEPLOYMENT_TARGET = 13.0;
				LD_RUNPATH_SEARCH_PATHS = (
					"$(inherited)",
					"@executable_path/Frameworks",
				);
				MARKETING_VERSION = 1.0;
				PRODUCT_BUNDLE_IDENTIFIER = com.alleniOSStudy.ToDoApp;
				PRODUCT_NAME = "$(TARGET_NAME)";
				SWIFT_EMIT_LOC_STRINGS = YES;
				SWIFT_VERSION = 5.0;
				TARGETED_DEVICE_FAMILY = "1,2";
			};
			name = Debug;
		};
		EB36BD292AA0604A008781AA /* Release */ = {
			isa = XCBuildConfiguration;
			buildSettings = {
				ASSETCATALOG_COMPILER_APPICON_NAME = AppIcon;
				ASSETCATALOG_COMPILER_GLOBAL_ACCENT_COLOR_NAME = AccentColor;
				CODE_SIGN_STYLE = Automatic;
				CURRENT_PROJECT_VERSION = 1;
				DEVELOPMENT_TEAM = QDTB4WL24B;
				GENERATE_INFOPLIST_FILE = YES;
				INFOPLIST_FILE = ToDoApp/Info.plist;
				INFOPLIST_KEY_UIApplicationSupportsIndirectInputEvents = YES;
				INFOPLIST_KEY_UILaunchStoryboardName = LaunchScreen;
				INFOPLIST_KEY_UIMainStoryboardFile = Main;
				INFOPLIST_KEY_UISupportedInterfaceOrientations_iPad = "UIInterfaceOrientationLandscapeLeft UIInterfaceOrientationLandscapeRight UIInterfaceOrientationPortrait UIInterfaceOrientationPortraitUpsideDown";
				IPHONEOS_DEPLOYMENT_TARGET = 13.0;
				LD_RUNPATH_SEARCH_PATHS = (
					"$(inherited)",
					"@executable_path/Frameworks",
				);
				MARKETING_VERSION = 1.0;
				PRODUCT_BUNDLE_IDENTIFIER = com.alleniOSStudy.ToDoApp;
				PRODUCT_NAME = "$(TARGET_NAME)";
				SWIFT_EMIT_LOC_STRINGS = YES;
				SWIFT_VERSION = 5.0;
				TARGETED_DEVICE_FAMILY = "1,2";
			};
			name = Release;
		};
		EB36BD2B2AA0604A008781AA /* Debug */ = {
			isa = XCBuildConfiguration;
			buildSettings = {
				ALWAYS_EMBED_SWIFT_STANDARD_LIBRARIES = YES;
				BUNDLE_LOADER = "$(TEST_HOST)";
				CODE_SIGN_STYLE = Automatic;
				CURRENT_PROJECT_VERSION = 1;
				DEVELOPMENT_TEAM = QDTB4WL24B;
				GENERATE_INFOPLIST_FILE = YES;
				IPHONEOS_DEPLOYMENT_TARGET = 16.4;
				MARKETING_VERSION = 1.0;
				PRODUCT_BUNDLE_IDENTIFIER = com.alleniOSStudy.ToDoAppTests;
				PRODUCT_NAME = "$(TARGET_NAME)";
				SWIFT_EMIT_LOC_STRINGS = NO;
				SWIFT_VERSION = 5.0;
				TARGETED_DEVICE_FAMILY = "1,2";
				TEST_HOST = "$(BUILT_PRODUCTS_DIR)/ToDoApp.app/$(BUNDLE_EXECUTABLE_FOLDER_PATH)/ToDoApp";
			};
			name = Debug;
		};
		EB36BD2C2AA0604A008781AA /* Release */ = {
			isa = XCBuildConfiguration;
			buildSettings = {
				ALWAYS_EMBED_SWIFT_STANDARD_LIBRARIES = YES;
				BUNDLE_LOADER = "$(TEST_HOST)";
				CODE_SIGN_STYLE = Automatic;
				CURRENT_PROJECT_VERSION = 1;
				DEVELOPMENT_TEAM = QDTB4WL24B;
				GENERATE_INFOPLIST_FILE = YES;
				IPHONEOS_DEPLOYMENT_TARGET = 16.4;
				MARKETING_VERSION = 1.0;
				PRODUCT_BUNDLE_IDENTIFIER = com.alleniOSStudy.ToDoAppTests;
				PRODUCT_NAME = "$(TARGET_NAME)";
				SWIFT_EMIT_LOC_STRINGS = NO;
				SWIFT_VERSION = 5.0;
				TARGETED_DEVICE_FAMILY = "1,2";
				TEST_HOST = "$(BUILT_PRODUCTS_DIR)/ToDoApp.app/$(BUNDLE_EXECUTABLE_FOLDER_PATH)/ToDoApp";
			};
			name = Release;
		};
		EB36BD2E2AA0604A008781AA /* Debug */ = {
			isa = XCBuildConfiguration;
			buildSettings = {
				ALWAYS_EMBED_SWIFT_STANDARD_LIBRARIES = YES;
				CODE_SIGN_STYLE = Automatic;
				CURRENT_PROJECT_VERSION = 1;
				DEVELOPMENT_TEAM = QDTB4WL24B;
				GENERATE_INFOPLIST_FILE = YES;
				MARKETING_VERSION = 1.0;
				PRODUCT_BUNDLE_IDENTIFIER = com.alleniOSStudy.ToDoAppUITests;
				PRODUCT_NAME = "$(TARGET_NAME)";
				SWIFT_EMIT_LOC_STRINGS = NO;
				SWIFT_VERSION = 5.0;
				TARGETED_DEVICE_FAMILY = "1,2";
				TEST_TARGET_NAME = ToDoApp;
			};
			name = Debug;
		};
		EB36BD2F2AA0604A008781AA /* Release */ = {
			isa = XCBuildConfiguration;
			buildSettings = {
				ALWAYS_EMBED_SWIFT_STANDARD_LIBRARIES = YES;
				CODE_SIGN_STYLE = Automatic;
				CURRENT_PROJECT_VERSION = 1;
				DEVELOPMENT_TEAM = QDTB4WL24B;
				GENERATE_INFOPLIST_FILE = YES;
				MARKETING_VERSION = 1.0;
				PRODUCT_BUNDLE_IDENTIFIER = com.alleniOSStudy.ToDoAppUITests;
				PRODUCT_NAME = "$(TARGET_NAME)";
				SWIFT_EMIT_LOC_STRINGS = NO;
				SWIFT_VERSION = 5.0;
				TARGETED_DEVICE_FAMILY = "1,2";
				TEST_TARGET_NAME = ToDoApp;
			};
			name = Release;
		};
/* End XCBuildConfiguration section */

/* Begin XCConfigurationList section */
		EB36BCF52AA06044008781AA /* Build configuration list for PBXProject "ToDoApp" */ = {
			isa = XCConfigurationList;
			buildConfigurations = (
				EB36BD252AA0604A008781AA /* Debug */,
				EB36BD262AA0604A008781AA /* Release */,
			);
			defaultConfigurationIsVisible = 0;
			defaultConfigurationName = Release;
		};
		EB36BD272AA0604A008781AA /* Build configuration list for PBXNativeTarget "ToDoApp" */ = {
			isa = XCConfigurationList;
			buildConfigurations = (
				EB36BD282AA0604A008781AA /* Debug */,
				EB36BD292AA0604A008781AA /* Release */,
			);
			defaultConfigurationIsVisible = 0;
			defaultConfigurationName = Release;
		};
		EB36BD2A2AA0604A008781AA /* Build configuration list for PBXNativeTarget "ToDoAppTests" */ = {
			isa = XCConfigurationList;
			buildConfigurations = (
				EB36BD2B2AA0604A008781AA /* Debug */,
				EB36BD2C2AA0604A008781AA /* Release */,
			);
			defaultConfigurationIsVisible = 0;
			defaultConfigurationName = Release;
		};
		EB36BD2D2AA0604A008781AA /* Build configuration list for PBXNativeTarget "ToDoAppUITests" */ = {
			isa = XCConfigurationList;
			buildConfigurations = (
				EB36BD2E2AA0604A008781AA /* Debug */,
				EB36BD2F2AA0604A008781AA /* Release */,
			);
			defaultConfigurationIsVisible = 0;
			defaultConfigurationName = Release;
		};
/* End XCConfigurationList section */

/* Begin XCVersionGroup section */
		EB36BD062AA06045008781AA /* ToDoApp.xcdatamodeld */ = {
			isa = XCVersionGroup;
			children = (
				EB36BD072AA06045008781AA /* ToDoApp.xcdatamodel */,
			);
			currentVersion = EB36BD072AA06045008781AA /* ToDoApp.xcdatamodel */;
			path = ToDoApp.xcdatamodeld;
			sourceTree = "<group>";
			versionGroupType = wrapper.xcdatamodel;
		};
/* End XCVersionGroup section */
	};
	rootObject = EB36BCF22AA06044008781AA /* Project object */;
}
